{
  "requires": true,
  "lockfileVersion": 1,
  "dependencies": {
    "@types/node": {
      "version": "6.0.105",
      "resolved": "https://registry.npmjs.org/@types/node/-/node-6.0.105.tgz",
      "integrity": "sha512-fMIbw7iw91TSInS3b2DtDse5VaQEZqs0oTjvRNIFHnoHbnji+dLwpzL1L6dYGL39RzDNPHM/Off+VNcMk4ahwQ=="
    },
    "azure-functions-types": {
      "version": "0.1.1",
      "resolved": "https://registry.npmjs.org/azure-functions-types/-/azure-functions-types-0.1.1.tgz",
      "integrity": "sha1-okStKBkr6UJY5MrZ3+c/UOQSRws=",
      "dev": true
    }
  }
}
